// !$*UTF8*$!
{
	archiveVersion = 1;
	classes = {
	};
	objectVersion = 56;
	objects = {

/* Begin PBXBuildFile section */
		BD106D5329BFEB6400CB7C87 /* recuppaApp.swift in Sources */ = {isa = PBXBuildFile; fileRef = BD106D5229BFEB6400CB7C87 /* recuppaApp.swift */; };
		BD106D5529BFEB6400CB7C87 /* ContentView.swift in Sources */ = {isa = PBXBuildFile; fileRef = BD106D5429BFEB6400CB7C87 /* ContentView.swift */; };
		BD106D5729BFEB6500CB7C87 /* Assets.xcassets in Resources */ = {isa = PBXBuildFile; fileRef = BD106D5629BFEB6500CB7C87 /* Assets.xcassets */; };
		BD106D5A29BFEB6500CB7C87 /* Preview Assets.xcassets in Resources */ = {isa = PBXBuildFile; fileRef = BD106D5929BFEB6500CB7C87 /* Preview Assets.xcassets */; };
		BD106D6429BFEB6500CB7C87 /* recuppaTests.swift in Sources */ = {isa = PBXBuildFile; fileRef = BD106D6329BFEB6500CB7C87 /* recuppaTests.swift */; };
		BD106D6E29BFEB6500CB7C87 /* recuppaUITests.swift in Sources */ = {isa = PBXBuildFile; fileRef = BD106D6D29BFEB6500CB7C87 /* recuppaUITests.swift */; };
		BD106D7029BFEB6500CB7C87 /* recuppaUITestsLaunchTests.swift in Sources */ = {isa = PBXBuildFile; fileRef = BD106D6F29BFEB6500CB7C87 /* recuppaUITestsLaunchTests.swift */; };
		BD106D8129BFF01C00CB7C87 /* FirebaseAnalyticsWithoutAdIdSupport in Frameworks */ = {isa = PBXBuildFile; productRef = BD106D8029BFF01C00CB7C87 /* FirebaseAnalyticsWithoutAdIdSupport */; };
		BD106D8329BFF01C00CB7C87 /* FirebaseAuth in Frameworks */ = {isa = PBXBuildFile; productRef = BD106D8229BFF01C00CB7C87 /* FirebaseAuth */; };
		BD106D8529BFF01C00CB7C87 /* FirebaseAuthCombine-Community in Frameworks */ = {isa = PBXBuildFile; productRef = BD106D8429BFF01C00CB7C87 /* FirebaseAuthCombine-Community */; };
		BD106D8729BFF01C00CB7C87 /* FirebaseDatabaseSwift in Frameworks */ = {isa = PBXBuildFile; productRef = BD106D8629BFF01C00CB7C87 /* FirebaseDatabaseSwift */; };
		BD106D8929BFF01C00CB7C87 /* FirebaseDynamicLinks in Frameworks */ = {isa = PBXBuildFile; productRef = BD106D8829BFF01C00CB7C87 /* FirebaseDynamicLinks */; };
		BD106D8B29BFF01C00CB7C87 /* FirebaseFunctions in Frameworks */ = {isa = PBXBuildFile; productRef = BD106D8A29BFF01C00CB7C87 /* FirebaseFunctions */; };
		BD106D8D29BFF01C00CB7C87 /* FirebaseFunctionsCombine-Community in Frameworks */ = {isa = PBXBuildFile; productRef = BD106D8C29BFF01C00CB7C87 /* FirebaseFunctionsCombine-Community */; };
		BD106D8F29BFF01C00CB7C87 /* FirebaseInstallations in Frameworks */ = {isa = PBXBuildFile; productRef = BD106D8E29BFF01C00CB7C87 /* FirebaseInstallations */; };
		BD106D9129BFF17900CB7C87 /* InitialView.swift in Sources */ = {isa = PBXBuildFile; fileRef = BD106D9029BFF17900CB7C87 /* InitialView.swift */; };
		BD106D9529BFF94100CB7C87 /* LoginView.swift in Sources */ = {isa = PBXBuildFile; fileRef = BD106D9429BFF94100CB7C87 /* LoginView.swift */; };
/* End PBXBuildFile section */

/* Begin PBXContainerItemProxy section */
		BD106D6029BFEB6500CB7C87 /* PBXContainerItemProxy */ = {
			isa = PBXContainerItemProxy;
			containerPortal = BD106D4729BFEB6400CB7C87 /* Project object */;
			proxyType = 1;
			remoteGlobalIDString = BD106D4E29BFEB6400CB7C87;
			remoteInfo = recuppa;
		};
		BD106D6A29BFEB6500CB7C87 /* PBXContainerItemProxy */ = {
			isa = PBXContainerItemProxy;
			containerPortal = BD106D4729BFEB6400CB7C87 /* Project object */;
			proxyType = 1;
			remoteGlobalIDString = BD106D4E29BFEB6400CB7C87;
			remoteInfo = recuppa;
		};
/* End PBXContainerItemProxy section */

/* Begin PBXFileReference section */
		BD106D4F29BFEB6400CB7C87 /* recuppa.app */ = {isa = PBXFileReference; explicitFileType = wrapper.application; includeInIndex = 0; path = recuppa.app; sourceTree = BUILT_PRODUCTS_DIR; };
		BD106D5229BFEB6400CB7C87 /* recuppaApp.swift */ = {isa = PBXFileReference; lastKnownFileType = sourcecode.swift; path = recuppaApp.swift; sourceTree = "<group>"; };
		BD106D5429BFEB6400CB7C87 /* ContentView.swift */ = {isa = PBXFileReference; lastKnownFileType = sourcecode.swift; path = ContentView.swift; sourceTree = "<group>"; };
		BD106D5629BFEB6500CB7C87 /* Assets.xcassets */ = {isa = PBXFileReference; lastKnownFileType = folder.assetcatalog; path = Assets.xcassets; sourceTree = "<group>"; };
		BD106D5929BFEB6500CB7C87 /* Preview Assets.xcassets */ = {isa = PBXFileReference; lastKnownFileType = folder.assetcatalog; path = "Preview Assets.xcassets"; sourceTree = "<group>"; };
		BD106D5F29BFEB6500CB7C87 /* recuppaTests.xctest */ = {isa = PBXFileReference; explicitFileType = wrapper.cfbundle; includeInIndex = 0; path = recuppaTests.xctest; sourceTree = BUILT_PRODUCTS_DIR; };
		BD106D6329BFEB6500CB7C87 /* recuppaTests.swift */ = {isa = PBXFileReference; lastKnownFileType = sourcecode.swift; path = recuppaTests.swift; sourceTree = "<group>"; };
		BD106D6929BFEB6500CB7C87 /* recuppaUITests.xctest */ = {isa = PBXFileReference; explicitFileType = wrapper.cfbundle; includeInIndex = 0; path = recuppaUITests.xctest; sourceTree = BUILT_PRODUCTS_DIR; };
		BD106D6D29BFEB6500CB7C87 /* recuppaUITests.swift */ = {isa = PBXFileReference; lastKnownFileType = sourcecode.swift; path = recuppaUITests.swift; sourceTree = "<group>"; };
		BD106D6F29BFEB6500CB7C87 /* recuppaUITestsLaunchTests.swift */ = {isa = PBXFileReference; lastKnownFileType = sourcecode.swift; path = recuppaUITestsLaunchTests.swift; sourceTree = "<group>"; };
		BD106D7E29BFEC3200CB7C87 /* GoogleService-Info.plist */ = {isa = PBXFileReference; lastKnownFileType = text.plist.xml; path = "GoogleService-Info.plist"; sourceTree = "<group>"; };
		BD106D9029BFF17900CB7C87 /* InitialView.swift */ = {isa = PBXFileReference; lastKnownFileType = sourcecode.swift; path = InitialView.swift; sourceTree = "<group>"; };
		BD106D9429BFF94100CB7C87 /* LoginView.swift */ = {isa = PBXFileReference; lastKnownFileType = sourcecode.swift; path = LoginView.swift; sourceTree = "<group>"; };
/* End PBXFileReference section */

/* Begin PBXFrameworksBuildPhase section */
		BD106D4C29BFEB6400CB7C87 /* Frameworks */ = {
			isa = PBXFrameworksBuildPhase;
			buildActionMask = 2147483647;
			files = (
				BD106D8D29BFF01C00CB7C87 /* FirebaseFunctionsCombine-Community in Frameworks */,
				BD106D8729BFF01C00CB7C87 /* FirebaseDatabaseSwift in Frameworks */,
				BD106D8129BFF01C00CB7C87 /* FirebaseAnalyticsWithoutAdIdSupport in Frameworks */,
				BD106D8F29BFF01C00CB7C87 /* FirebaseInstallations in Frameworks */,
				BD106D8529BFF01C00CB7C87 /* FirebaseAuthCombine-Community in Frameworks */,
				BD106D8B29BFF01C00CB7C87 /* FirebaseFunctions in Frameworks */,
				BD106D8329BFF01C00CB7C87 /* FirebaseAuth in Frameworks */,
				BD106D8929BFF01C00CB7C87 /* FirebaseDynamicLinks in Frameworks */,
			);
			runOnlyForDeploymentPostprocessing = 0;
		};
		BD106D5C29BFEB6500CB7C87 /* Frameworks */ = {
			isa = PBXFrameworksBuildPhase;
			buildActionMask = 2147483647;
			files = (
			);
			runOnlyForDeploymentPostprocessing = 0;
		};
		BD106D6629BFEB6500CB7C87 /* Frameworks */ = {
			isa = PBXFrameworksBuildPhase;
			buildActionMask = 2147483647;
			files = (
			);
			runOnlyForDeploymentPostprocessing = 0;
		};
/* End PBXFrameworksBuildPhase section */

/* Begin PBXGroup section */
		BD106D4629BFEB6400CB7C87 = {
			isa = PBXGroup;
			children = (
				BD106D7E29BFEC3200CB7C87 /* GoogleService-Info.plist */,
				BD106D5129BFEB6400CB7C87 /* recuppa */,
				BD106D6229BFEB6500CB7C87 /* recuppaTests */,
				BD106D6C29BFEB6500CB7C87 /* recuppaUITests */,
				BD106D5029BFEB6400CB7C87 /* Products */,
			);
			sourceTree = "<group>";
		};
		BD106D5029BFEB6400CB7C87 /* Products */ = {
			isa = PBXGroup;
			children = (
				BD106D4F29BFEB6400CB7C87 /* recuppa.app */,
				BD106D5F29BFEB6500CB7C87 /* recuppaTests.xctest */,
				BD106D6929BFEB6500CB7C87 /* recuppaUITests.xctest */,
			);
			name = Products;
			sourceTree = "<group>";
		};
		BD106D5129BFEB6400CB7C87 /* recuppa */ = {
			isa = PBXGroup;
			children = (
				BD106D9329BFF91400CB7C87 /* Model */,
				BD106D9229BFF90B00CB7C87 /* View */,
				BD106D5229BFEB6400CB7C87 /* recuppaApp.swift */,
				BD106D5429BFEB6400CB7C87 /* ContentView.swift */,
				BD106D9029BFF17900CB7C87 /* InitialView.swift */,
				BD106D5629BFEB6500CB7C87 /* Assets.xcassets */,
				BD106D5829BFEB6500CB7C87 /* Preview Content */,
			);
			path = recuppa;
			sourceTree = "<group>";
		};
		BD106D5829BFEB6500CB7C87 /* Preview Content */ = {
			isa = PBXGroup;
			children = (
				BD106D5929BFEB6500CB7C87 /* Preview Assets.xcassets */,
			);
			path = "Preview Content";
			sourceTree = "<group>";
		};
		BD106D6229BFEB6500CB7C87 /* recuppaTests */ = {
			isa = PBXGroup;
			children = (
				BD106D6329BFEB6500CB7C87 /* recuppaTests.swift */,
			);
			path = recuppaTests;
			sourceTree = "<group>";
		};
		BD106D6C29BFEB6500CB7C87 /* recuppaUITests */ = {
			isa = PBXGroup;
			children = (
				BD106D6D29BFEB6500CB7C87 /* recuppaUITests.swift */,
				BD106D6F29BFEB6500CB7C87 /* recuppaUITestsLaunchTests.swift */,
			);
			path = recuppaUITests;
			sourceTree = "<group>";
		};
		BD106D9229BFF90B00CB7C87 /* View */ = {
			isa = PBXGroup;
			children = (
				BD106D9429BFF94100CB7C87 /* LoginView.swift */,
			);
			path = View;
			sourceTree = "<group>";
		};
		BD106D9329BFF91400CB7C87 /* Model */ = {
			isa = PBXGroup;
			children = (
			);
			path = Model;
			sourceTree = "<group>";
		};
/* End PBXGroup section */

/* Begin PBXNativeTarget section */
		BD106D4E29BFEB6400CB7C87 /* recuppa */ = {
			isa = PBXNativeTarget;
			buildConfigurationList = BD106D7329BFEB6500CB7C87 /* Build configuration list for PBXNativeTarget "recuppa" */;
			buildPhases = (
				BD106D4B29BFEB6400CB7C87 /* Sources */,
				BD106D4C29BFEB6400CB7C87 /* Frameworks */,
				BD106D4D29BFEB6400CB7C87 /* Resources */,
			);
			buildRules = (
			);
			dependencies = (
			);
			name = recuppa;
			packageProductDependencies = (
				BD106D8029BFF01C00CB7C87 /* FirebaseAnalyticsWithoutAdIdSupport */,
				BD106D8229BFF01C00CB7C87 /* FirebaseAuth */,
				BD106D8429BFF01C00CB7C87 /* FirebaseAuthCombine-Community */,
				BD106D8629BFF01C00CB7C87 /* FirebaseDatabaseSwift */,
				BD106D8829BFF01C00CB7C87 /* FirebaseDynamicLinks */,
				BD106D8A29BFF01C00CB7C87 /* FirebaseFunctions */,
				BD106D8C29BFF01C00CB7C87 /* FirebaseFunctionsCombine-Community */,
				BD106D8E29BFF01C00CB7C87 /* FirebaseInstallations */,
			);
			productName = recuppa;
			productReference = BD106D4F29BFEB6400CB7C87 /* recuppa.app */;
			productType = "com.apple.product-type.application";
		};
		BD106D5E29BFEB6500CB7C87 /* recuppaTests */ = {
			isa = PBXNativeTarget;
			buildConfigurationList = BD106D7629BFEB6500CB7C87 /* Build configuration list for PBXNativeTarget "recuppaTests" */;
			buildPhases = (
				BD106D5B29BFEB6500CB7C87 /* Sources */,
				BD106D5C29BFEB6500CB7C87 /* Frameworks */,
				BD106D5D29BFEB6500CB7C87 /* Resources */,
			);
			buildRules = (
			);
			dependencies = (
				BD106D6129BFEB6500CB7C87 /* PBXTargetDependency */,
			);
			name = recuppaTests;
			productName = recuppaTests;
			productReference = BD106D5F29BFEB6500CB7C87 /* recuppaTests.xctest */;
			productType = "com.apple.product-type.bundle.unit-test";
		};
		BD106D6829BFEB6500CB7C87 /* recuppaUITests */ = {
			isa = PBXNativeTarget;
			buildConfigurationList = BD106D7929BFEB6500CB7C87 /* Build configuration list for PBXNativeTarget "recuppaUITests" */;
			buildPhases = (
				BD106D6529BFEB6500CB7C87 /* Sources */,
				BD106D6629BFEB6500CB7C87 /* Frameworks */,
				BD106D6729BFEB6500CB7C87 /* Resources */,
			);
			buildRules = (
			);
			dependencies = (
				BD106D6B29BFEB6500CB7C87 /* PBXTargetDependency */,
			);
			name = recuppaUITests;
			productName = recuppaUITests;
			productReference = BD106D6929BFEB6500CB7C87 /* recuppaUITests.xctest */;
			productType = "com.apple.product-type.bundle.ui-testing";
		};
/* End PBXNativeTarget section */

/* Begin PBXProject section */
		BD106D4729BFEB6400CB7C87 /* Project object */ = {
			isa = PBXProject;
			attributes = {
				BuildIndependentTargetsInParallel = 1;
				LastSwiftUpdateCheck = 1420;
				LastUpgradeCheck = 1420;
				TargetAttributes = {
					BD106D4E29BFEB6400CB7C87 = {
						CreatedOnToolsVersion = 14.2;
					};
					BD106D5E29BFEB6500CB7C87 = {
						CreatedOnToolsVersion = 14.2;
						TestTargetID = BD106D4E29BFEB6400CB7C87;
					};
					BD106D6829BFEB6500CB7C87 = {
						CreatedOnToolsVersion = 14.2;
						TestTargetID = BD106D4E29BFEB6400CB7C87;
					};
				};
			};
			buildConfigurationList = BD106D4A29BFEB6400CB7C87 /* Build configuration list for PBXProject "recuppa" */;
			compatibilityVersion = "Xcode 14.0";
			developmentRegion = en;
			hasScannedForEncodings = 0;
			knownRegions = (
				en,
				Base,
			);
			mainGroup = BD106D4629BFEB6400CB7C87;
			packageReferences = (
				BD106D7F29BFF01C00CB7C87 /* XCRemoteSwiftPackageReference "firebase-ios-sdk" */,
			);
			productRefGroup = BD106D5029BFEB6400CB7C87 /* Products */;
			projectDirPath = "";
			projectRoot = "";
			targets = (
				BD106D4E29BFEB6400CB7C87 /* recuppa */,
				BD106D5E29BFEB6500CB7C87 /* recuppaTests */,
				BD106D6829BFEB6500CB7C87 /* recuppaUITests */,
			);
		};
/* End PBXProject section */

/* Begin PBXResourcesBuildPhase section */
		BD106D4D29BFEB6400CB7C87 /* Resources */ = {
			isa = PBXResourcesBuildPhase;
			buildActionMask = 2147483647;
			files = (
				BD106D5A29BFEB6500CB7C87 /* Preview Assets.xcassets in Resources */,
				BD106D5729BFEB6500CB7C87 /* Assets.xcassets in Resources */,
			);
			runOnlyForDeploymentPostprocessing = 0;
		};
		BD106D5D29BFEB6500CB7C87 /* Resources */ = {
			isa = PBXResourcesBuildPhase;
			buildActionMask = 2147483647;
			files = (
			);
			runOnlyForDeploymentPostprocessing = 0;
		};
		BD106D6729BFEB6500CB7C87 /* Resources */ = {
			isa = PBXResourcesBuildPhase;
			buildActionMask = 2147483647;
			files = (
			);
			runOnlyForDeploymentPostprocessing = 0;
		};
/* End PBXResourcesBuildPhase section */

/* Begin PBXSourcesBuildPhase section */
		BD106D4B29BFEB6400CB7C87 /* Sources */ = {
			isa = PBXSourcesBuildPhase;
			buildActionMask = 2147483647;
			files = (
				BD106D9129BFF17900CB7C87 /* InitialView.swift in Sources */,
				BD106D5529BFEB6400CB7C87 /* ContentView.swift in Sources */,
				BD106D9529BFF94100CB7C87 /* LoginView.swift in Sources */,
				BD106D5329BFEB6400CB7C87 /* recuppaApp.swift in Sources */,
			);
			runOnlyForDeploymentPostprocessing = 0;
		};
		BD106D5B29BFEB6500CB7C87 /* Sources */ = {
			isa = PBXSourcesBuildPhase;
			buildActionMask = 2147483647;
			files = (
				BD106D6429BFEB6500CB7C87 /* recuppaTests.swift in Sources */,
			);
			runOnlyForDeploymentPostprocessing = 0;
		};
		BD106D6529BFEB6500CB7C87 /* Sources */ = {
			isa = PBXSourcesBuildPhase;
			buildActionMask = 2147483647;
			files = (
				BD106D6E29BFEB6500CB7C87 /* recuppaUITests.swift in Sources */,
				BD106D7029BFEB6500CB7C87 /* recuppaUITestsLaunchTests.swift in Sources */,
			);
			runOnlyForDeploymentPostprocessing = 0;
		};
/* End PBXSourcesBuildPhase section */

/* Begin PBXTargetDependency section */
		BD106D6129BFEB6500CB7C87 /* PBXTargetDependency */ = {
			isa = PBXTargetDependency;
			target = BD106D4E29BFEB6400CB7C87 /* recuppa */;
			targetProxy = BD106D6029BFEB6500CB7C87 /* PBXContainerItemProxy */;
		};
		BD106D6B29BFEB6500CB7C87 /* PBXTargetDependency */ = {
			isa = PBXTargetDependency;
			target = BD106D4E29BFEB6400CB7C87 /* recuppa */;
			targetProxy = BD106D6A29BFEB6500CB7C87 /* PBXContainerItemProxy */;
		};
/* End PBXTargetDependency section */

/* Begin XCBuildConfiguration section */
		BD106D7129BFEB6500CB7C87 /* Debug */ = {
			isa = XCBuildConfiguration;
			buildSettings = {
				ALWAYS_SEARCH_USER_PATHS = NO;
				CLANG_ANALYZER_NONNULL = YES;
				CLANG_ANALYZER_NUMBER_OBJECT_CONVERSION = YES_AGGRESSIVE;
				CLANG_CXX_LANGUAGE_STANDARD = "gnu++20";
				CLANG_ENABLE_MODULES = YES;
				CLANG_ENABLE_OBJC_ARC = YES;
				CLANG_ENABLE_OBJC_WEAK = YES;
				CLANG_WARN_BLOCK_CAPTURE_AUTORELEASING = YES;
				CLANG_WARN_BOOL_CONVERSION = YES;
				CLANG_WARN_COMMA = YES;
				CLANG_WARN_CONSTANT_CONVERSION = YES;
				CLANG_WARN_DEPRECATED_OBJC_IMPLEMENTATIONS = YES;
				CLANG_WARN_DIRECT_OBJC_ISA_USAGE = YES_ERROR;
				CLANG_WARN_DOCUMENTATION_COMMENTS = YES;
				CLANG_WARN_EMPTY_BODY = YES;
				CLANG_WARN_ENUM_CONVERSION = YES;
				CLANG_WARN_INFINITE_RECURSION = YES;
				CLANG_WARN_INT_CONVERSION = YES;
				CLANG_WARN_NON_LITERAL_NULL_CONVERSION = YES;
				CLANG_WARN_OBJC_IMPLICIT_RETAIN_SELF = YES;
				CLANG_WARN_OBJC_LITERAL_CONVERSION = YES;
				CLANG_WARN_OBJC_ROOT_CLASS = YES_ERROR;
				CLANG_WARN_QUOTED_INCLUDE_IN_FRAMEWORK_HEADER = YES;
				CLANG_WARN_RANGE_LOOP_ANALYSIS = YES;
				CLANG_WARN_STRICT_PROTOTYPES = YES;
				CLANG_WARN_SUSPICIOUS_MOVE = YES;
				CLANG_WARN_UNGUARDED_AVAILABILITY = YES_AGGRESSIVE;
				CLANG_WARN_UNREACHABLE_CODE = YES;
				CLANG_WARN__DUPLICATE_METHOD_MATCH = YES;
				COPY_PHASE_STRIP = NO;
				DEBUG_INFORMATION_FORMAT = dwarf;
				ENABLE_STRICT_OBJC_MSGSEND = YES;
				ENABLE_TESTABILITY = YES;
				GCC_C_LANGUAGE_STANDARD = gnu11;
				GCC_DYNAMIC_NO_PIC = NO;
				GCC_NO_COMMON_BLOCKS = YES;
				GCC_OPTIMIZATION_LEVEL = 0;
				GCC_PREPROCESSOR_DEFINITIONS = (
					"DEBUG=1",
					"$(inherited)",
				);
				GCC_WARN_64_TO_32_BIT_CONVERSION = YES;
				GCC_WARN_ABOUT_RETURN_TYPE = YES_ERROR;
				GCC_WARN_UNDECLARED_SELECTOR = YES;
				GCC_WARN_UNINITIALIZED_AUTOS = YES_AGGRESSIVE;
				GCC_WARN_UNUSED_FUNCTION = YES;
				GCC_WARN_UNUSED_VARIABLE = YES;
				IPHONEOS_DEPLOYMENT_TARGET = 16.2;
				MTL_ENABLE_DEBUG_INFO = INCLUDE_SOURCE;
				MTL_FAST_MATH = YES;
				ONLY_ACTIVE_ARCH = YES;
				SDKROOT = iphoneos;
				SWIFT_ACTIVE_COMPILATION_CONDITIONS = DEBUG;
				SWIFT_OPTIMIZATION_LEVEL = "-Onone";
			};
			name = Debug;
		};
		BD106D7229BFEB6500CB7C87 /* Release */ = {
			isa = XCBuildConfiguration;
			buildSettings = {
				ALWAYS_SEARCH_USER_PATHS = NO;
				CLANG_ANALYZER_NONNULL = YES;
				CLANG_ANALYZER_NUMBER_OBJECT_CONVERSION = YES_AGGRESSIVE;
				CLANG_CXX_LANGUAGE_STANDARD = "gnu++20";
				CLANG_ENABLE_MODULES = YES;
				CLANG_ENABLE_OBJC_ARC = YES;
				CLANG_ENABLE_OBJC_WEAK = YES;
				CLANG_WARN_BLOCK_CAPTURE_AUTORELEASING = YES;
				CLANG_WARN_BOOL_CONVERSION = YES;
				CLANG_WARN_COMMA = YES;
				CLANG_WARN_CONSTANT_CONVERSION = YES;
				CLANG_WARN_DEPRECATED_OBJC_IMPLEMENTATIONS = YES;
				CLANG_WARN_DIRECT_OBJC_ISA_USAGE = YES_ERROR;
				CLANG_WARN_DOCUMENTATION_COMMENTS = YES;
				CLANG_WARN_EMPTY_BODY = YES;
				CLANG_WARN_ENUM_CONVERSION = YES;
				CLANG_WARN_INFINITE_RECURSION = YES;
				CLANG_WARN_INT_CONVERSION = YES;
				CLANG_WARN_NON_LITERAL_NULL_CONVERSION = YES;
				CLANG_WARN_OBJC_IMPLICIT_RETAIN_SELF = YES;
				CLANG_WARN_OBJC_LITERAL_CONVERSION = YES;
				CLANG_WARN_OBJC_ROOT_CLASS = YES_ERROR;
				CLANG_WARN_QUOTED_INCLUDE_IN_FRAMEWORK_HEADER = YES;
				CLANG_WARN_RANGE_LOOP_ANALYSIS = YES;
				CLANG_WARN_STRICT_PROTOTYPES = YES;
				CLANG_WARN_SUSPICIOUS_MOVE = YES;
				CLANG_WARN_UNGUARDED_AVAILABILITY = YES_AGGRESSIVE;
				CLANG_WARN_UNREACHABLE_CODE = YES;
				CLANG_WARN__DUPLICATE_METHOD_MATCH = YES;
				COPY_PHASE_STRIP = NO;
				DEBUG_INFORMATION_FORMAT = "dwarf-with-dsym";
				ENABLE_NS_ASSERTIONS = NO;
				ENABLE_STRICT_OBJC_MSGSEND = YES;
				GCC_C_LANGUAGE_STANDARD = gnu11;
				GCC_NO_COMMON_BLOCKS = YES;
				GCC_WARN_64_TO_32_BIT_CONVERSION = YES;
				GCC_WARN_ABOUT_RETURN_TYPE = YES_ERROR;
				GCC_WARN_UNDECLARED_SELECTOR = YES;
				GCC_WARN_UNINITIALIZED_AUTOS = YES_AGGRESSIVE;
				GCC_WARN_UNUSED_FUNCTION = YES;
				GCC_WARN_UNUSED_VARIABLE = YES;
				IPHONEOS_DEPLOYMENT_TARGET = 16.2;
				MTL_ENABLE_DEBUG_INFO = NO;
				MTL_FAST_MATH = YES;
				SDKROOT = iphoneos;
				SWIFT_COMPILATION_MODE = wholemodule;
				SWIFT_OPTIMIZATION_LEVEL = "-O";
				VALIDATE_PRODUCT = YES;
			};
			name = Release;
		};
		BD106D7429BFEB6500CB7C87 /* Debug */ = {
			isa = XCBuildConfiguration;
			buildSettings = {
				ASSETCATALOG_COMPILER_APPICON_NAME = AppIcon;
				ASSETCATALOG_COMPILER_GLOBAL_ACCENT_COLOR_NAME = AccentColor;
				CODE_SIGN_STYLE = Automatic;
				CURRENT_PROJECT_VERSION = 1;
				DEVELOPMENT_ASSET_PATHS = "\"recuppa/Preview Content\"";
				DEVELOPMENT_TEAM = HC9MH7BNV8;
				ENABLE_PREVIEWS = YES;
				GENERATE_INFOPLIST_FILE = YES;
				INFOPLIST_KEY_UIApplicationSceneManifest_Generation = YES;
				INFOPLIST_KEY_UIApplicationSupportsIndirectInputEvents = YES;
				INFOPLIST_KEY_UILaunchScreen_Generation = YES;
				INFOPLIST_KEY_UISupportedInterfaceOrientations_iPad = "UIInterfaceOrientationPortrait UIInterfaceOrientationPortraitUpsideDown UIInterfaceOrientationLandscapeLeft UIInterfaceOrientationLandscapeRight";
				INFOPLIST_KEY_UISupportedInterfaceOrientations_iPhone = "UIInterfaceOrientationPortrait UIInterfaceOrientationLandscapeLeft UIInterfaceOrientationLandscapeRight";
				LD_RUNPATH_SEARCH_PATHS = (
					"$(inherited)",
					"@executable_path/Frameworks",
				);
				MARKETING_VERSION = 1.0;
				PRODUCT_BUNDLE_IDENTIFIER = dev.recuppa;
				PRODUCT_NAME = "$(TARGET_NAME)";
				SWIFT_EMIT_LOC_STRINGS = YES;
				SWIFT_VERSION = 5.0;
				TARGETED_DEVICE_FAMILY = "1,2";
			};
			name = Debug;
		};
		BD106D7529BFEB6500CB7C87 /* Release */ = {
			isa = XCBuildConfiguration;
			buildSettings = {
				ASSETCATALOG_COMPILER_APPICON_NAME = AppIcon;
				ASSETCATALOG_COMPILER_GLOBAL_ACCENT_COLOR_NAME = AccentColor;
				CODE_SIGN_STYLE = Automatic;
				CURRENT_PROJECT_VERSION = 1;
				DEVELOPMENT_ASSET_PATHS = "\"recuppa/Preview Content\"";
				DEVELOPMENT_TEAM = HC9MH7BNV8;
				ENABLE_PREVIEWS = YES;
				GENERATE_INFOPLIST_FILE = YES;
				INFOPLIST_KEY_UIApplicationSceneManifest_Generation = YES;
				INFOPLIST_KEY_UIApplicationSupportsIndirectInputEvents = YES;
				INFOPLIST_KEY_UILaunchScreen_Generation = YES;
				INFOPLIST_KEY_UISupportedInterfaceOrientations_iPad = "UIInterfaceOrientationPortrait UIInterfaceOrientationPortraitUpsideDown UIInterfaceOrientationLandscapeLeft UIInterfaceOrientationLandscapeRight";
				INFOPLIST_KEY_UISupportedInterfaceOrientations_iPhone = "UIInterfaceOrientationPortrait UIInterfaceOrientationLandscapeLeft UIInterfaceOrientationLandscapeRight";
				LD_RUNPATH_SEARCH_PATHS = (
					"$(inherited)",
					"@executable_path/Frameworks",
				);
				MARKETING_VERSION = 1.0;
				PRODUCT_BUNDLE_IDENTIFIER = dev.recuppa;
				PRODUCT_NAME = "$(TARGET_NAME)";
				SWIFT_EMIT_LOC_STRINGS = YES;
				SWIFT_VERSION = 5.0;
				TARGETED_DEVICE_FAMILY = "1,2";
			};
			name = Release;
		};
		BD106D7729BFEB6500CB7C87 /* Debug */ = {
			isa = XCBuildConfiguration;
			buildSettings = {
				ALWAYS_EMBED_SWIFT_STANDARD_LIBRARIES = YES;
				BUNDLE_LOADER = "$(TEST_HOST)";
				CODE_SIGN_STYLE = Automatic;
				CURRENT_PROJECT_VERSION = 1;
				DEVELOPMENT_TEAM = HC9MH7BNV8;
				GENERATE_INFOPLIST_FILE = YES;
				IPHONEOS_DEPLOYMENT_TARGET = 16.2;
				MARKETING_VERSION = 1.0;
				PRODUCT_BUNDLE_IDENTIFIER = dev.recuppaTests;
				PRODUCT_NAME = "$(TARGET_NAME)";
				SWIFT_EMIT_LOC_STRINGS = NO;
				SWIFT_VERSION = 5.0;
				TARGETED_DEVICE_FAMILY = "1,2";
				TEST_HOST = "$(BUILT_PRODUCTS_DIR)/recuppa.app/$(BUNDLE_EXECUTABLE_FOLDER_PATH)/recuppa";
			};
			name = Debug;
		};
		BD106D7829BFEB6500CB7C87 /* Release */ = {
			isa = XCBuildConfiguration;
			buildSettings = {
				ALWAYS_EMBED_SWIFT_STANDARD_LIBRARIES = YES;
				BUNDLE_LOADER = "$(TEST_HOST)";
				CODE_SIGN_STYLE = Automatic;
				CURRENT_PROJECT_VERSION = 1;
				DEVELOPMENT_TEAM = HC9MH7BNV8;
				GENERATE_INFOPLIST_FILE = YES;
				IPHONEOS_DEPLOYMENT_TARGET = 16.2;
				MARKETING_VERSION = 1.0;
				PRODUCT_BUNDLE_IDENTIFIER = dev.recuppaTests;
				PRODUCT_NAME = "$(TARGET_NAME)";
				SWIFT_EMIT_LOC_STRINGS = NO;
				SWIFT_VERSION = 5.0;
				TARGETED_DEVICE_FAMILY = "1,2";
				TEST_HOST = "$(BUILT_PRODUCTS_DIR)/recuppa.app/$(BUNDLE_EXECUTABLE_FOLDER_PATH)/recuppa";
			};
			name = Release;
		};
		BD106D7A29BFEB6500CB7C87 /* Debug */ = {
			isa = XCBuildConfiguration;
			buildSettings = {
				ALWAYS_EMBED_SWIFT_STANDARD_LIBRARIES = YES;
				CODE_SIGN_STYLE = Automatic;
				CURRENT_PROJECT_VERSION = 1;
				DEVELOPMENT_TEAM = HC9MH7BNV8;
				GENERATE_INFOPLIST_FILE = YES;
				MARKETING_VERSION = 1.0;
				PRODUCT_BUNDLE_IDENTIFIER = dev.recuppaUITests;
				PRODUCT_NAME = "$(TARGET_NAME)";
				SWIFT_EMIT_LOC_STRINGS = NO;
				SWIFT_VERSION = 5.0;
				TARGETED_DEVICE_FAMILY = "1,2";
				TEST_TARGET_NAME = recuppa;
			};
			name = Debug;
		};
		BD106D7B29BFEB6500CB7C87 /* Release */ = {
			isa = XCBuildConfiguration;
			buildSettings = {
				ALWAYS_EMBED_SWIFT_STANDARD_LIBRARIES = YES;
				CODE_SIGN_STYLE = Automatic;
				CURRENT_PROJECT_VERSION = 1;
				DEVELOPMENT_TEAM = HC9MH7BNV8;
				GENERATE_INFOPLIST_FILE = YES;
				MARKETING_VERSION = 1.0;
				PRODUCT_BUNDLE_IDENTIFIER = dev.recuppaUITests;
				PRODUCT_NAME = "$(TARGET_NAME)";
				SWIFT_EMIT_LOC_STRINGS = NO;
				SWIFT_VERSION = 5.0;
				TARGETED_DEVICE_FAMILY = "1,2";
				TEST_TARGET_NAME = recuppa;
			};
			name = Release;
		};
/* End XCBuildConfiguration section */

/* Begin XCConfigurationList section */
		BD106D4A29BFEB6400CB7C87 /* Build configuration list for PBXProject "recuppa" */ = {
			isa = XCConfigurationList;
			buildConfigurations = (
				BD106D7129BFEB6500CB7C87 /* Debug */,
				BD106D7229BFEB6500CB7C87 /* Release */,
			);
			defaultConfigurationIsVisible = 0;
			defaultConfigurationName = Release;
		};
		BD106D7329BFEB6500CB7C87 /* Build configuration list for PBXNativeTarget "recuppa" */ = {
			isa = XCConfigurationList;
			buildConfigurations = (
				BD106D7429BFEB6500CB7C87 /* Debug */,
				BD106D7529BFEB6500CB7C87 /* Release */,
			);
			defaultConfigurationIsVisible = 0;
			defaultConfigurationName = Release;
		};
		BD106D7629BFEB6500CB7C87 /* Build configuration list for PBXNativeTarget "recuppaTests" */ = {
			isa = XCConfigurationList;
			buildConfigurations = (
				BD106D7729BFEB6500CB7C87 /* Debug */,
				BD106D7829BFEB6500CB7C87 /* Release */,
			);
			defaultConfigurationIsVisible = 0;
			defaultConfigurationName = Release;
		};
		BD106D7929BFEB6500CB7C87 /* Build configuration list for PBXNativeTarget "recuppaUITests" */ = {
			isa = XCConfigurationList;
			buildConfigurations = (
				BD106D7A29BFEB6500CB7C87 /* Debug */,
				BD106D7B29BFEB6500CB7C87 /* Release */,
			);
			defaultConfigurationIsVisible = 0;
			defaultConfigurationName = Release;
		};
/* End XCConfigurationList section */

/* Begin XCRemoteSwiftPackageReference section */
		BD106D7F29BFF01C00CB7C87 /* XCRemoteSwiftPackageReference "firebase-ios-sdk" */ = {
			isa = XCRemoteSwiftPackageReference;
			repositoryURL = "https://github.com/firebase/firebase-ios-sdk";
			requirement = {
				branch = master;
				kind = branch;
			};
		};
/* End XCRemoteSwiftPackageReference section */

/* Begin XCSwiftPackageProductDependency section */
		BD106D8029BFF01C00CB7C87 /* FirebaseAnalyticsWithoutAdIdSupport */ = {
			isa = XCSwiftPackageProductDependency;
			package = BD106D7F29BFF01C00CB7C87 /* XCRemoteSwiftPackageReference "firebase-ios-sdk" */;
			productName = FirebaseAnalyticsWithoutAdIdSupport;
		};
		BD106D8229BFF01C00CB7C87 /* FirebaseAuth */ = {
			isa = XCSwiftPackageProductDependency;
			package = BD106D7F29BFF01C00CB7C87 /* XCRemoteSwiftPackageReference "firebase-ios-sdk" */;
			productName = FirebaseAuth;
		};
		BD106D8429BFF01C00CB7C87 /* FirebaseAuthCombine-Community */ = {
			isa = XCSwiftPackageProductDependency;
			package = BD106D7F29BFF01C00CB7C87 /* XCRemoteSwiftPackageReference "firebase-ios-sdk" */;
			productName = "FirebaseAuthCombine-Community";
		};
		BD106D8629BFF01C00CB7C87 /* FirebaseDatabaseSwift */ = {
			isa = XCSwiftPackageProductDependency;
			package = BD106D7F29BFF01C00CB7C87 /* XCRemoteSwiftPackageReference "firebase-ios-sdk" */;
			productName = FirebaseDatabaseSwift;
		};
		BD106D8829BFF01C00CB7C87 /* FirebaseDynamicLinks */ = {
			isa = XCSwiftPackageProductDependency;
			package = BD106D7F29BFF01C00CB7C87 /* XCRemoteSwiftPackageReference "firebase-ios-sdk" */;
			productName = FirebaseDynamicLinks;
		};
		BD106D8A29BFF01C00CB7C87 /* FirebaseFunctions */ = {
			isa = XCSwiftPackageProductDependency;
			package = BD106D7F29BFF01C00CB7C87 /* XCRemoteSwiftPackageReference "firebase-ios-sdk" */;
			productName = FirebaseFunctions;
		};
		BD106D8C29BFF01C00CB7C87 /* FirebaseFunctionsCombine-Community */ = {
			isa = XCSwiftPackageProductDependency;
			package = BD106D7F29BFF01C00CB7C87 /* XCRemoteSwiftPackageReference "firebase-ios-sdk" */;
			productName = "FirebaseFunctionsCombine-Community";
		};
		BD106D8E29BFF01C00CB7C87 /* FirebaseInstallations */ = {
			isa = XCSwiftPackageProductDependency;
			package = BD106D7F29BFF01C00CB7C87 /* XCRemoteSwiftPackageReference "firebase-ios-sdk" */;
			productName = FirebaseInstallations;
		};
/* End XCSwiftPackageProductDependency section */
	};
	rootObject = BD106D4729BFEB6400CB7C87 /* Project object */;
}
